
Microsoft Visual Studio Solution File, Format Version 12.00
# Visual Studio Version 17
VisualStudioVersion = 17.3.32929.385
MinimumVisualStudioVersion = 10.0.40219.1
Project("{FAE04EC0-301F-11D3-BF4B-00C04F79EFBC}") = "WitcherWiki", "WitcherWiki.csproj", "{29720CDE-752F-4ABB-8849-90C3B5633CF2}"
EndProject
Global
	GlobalSection(SolutionConfigurationPlatforms) = preSolution
		Debug|Any CPU = Debug|Any CPU
		Release|Any CPU = Release|Any CPU
	EndGlobalSection
	GlobalSection(ProjectConfigurationPlatforms) = postSolution
		{29720CDE-752F-4ABB-8849-90C3B5633CF2}.Debug|Any CPU.ActiveCfg = Debug|Any CPU
		{29720CDE-752F-4ABB-8849-90C3B5633CF2}.Debug|Any CPU.Build.0 = Debug|Any CPU
		{29720CDE-752F-4ABB-8849-90C3B5633CF2}.Release|Any CPU.ActiveCfg = Release|Any CPU
		{29720CDE-752F-4ABB-8849-90C3B5633CF2}.Release|Any CPU.Build.0 = Release|Any CPU
	EndGlobalSection
	GlobalSection(SolutionProperties) = preSolution
		HideSolutionNode = FALSE
	EndGlobalSection
	GlobalSection(ExtensibilityGlobals) = postSolution
		SolutionGuid = {FB58C41A-BF4A-45FE-AE0D-BB86A0A8BA1A}
	EndGlobalSection
EndGlobal
